
Microsoft Visual Studio Solution File, Format Version 12.00
# Visual Studio Version 16
VisualStudioVersion = 16.0.31112.23
MinimumVisualStudioVersion = 10.0.40219.1
Project("{FAE04EC0-301F-11D3-BF4B-00C04F79EFBC}") = "CoralTest", "CoralTest\CoralTest.csproj", "{947ABAED-A1C0-4CB8-8B58-DF4E85FBCA2E}"
EndProject
Global
	GlobalSection(SolutionConfigurationPlatforms) = preSolution
		Debug|Any CPU = Debug|Any CPU
		Release|Any CPU = Release|Any CPU
	EndGlobalSection
	GlobalSection(ProjectConfigurationPlatforms) = postSolution
		{947ABAED-A1C0-4CB8-8B58-DF4E85FBCA2E}.Debug|Any CPU.ActiveCfg = Debug|Any CPU
		{947ABAED-A1C0-4CB8-8B58-DF4E85FBCA2E}.Debug|Any CPU.Build.0 = Debug|Any CPU
		{947ABAED-A1C0-4CB8-8B58-DF4E85FBCA2E}.Release|Any CPU.ActiveCfg = Release|Any CPU
		{947ABAED-A1C0-4CB8-8B58-DF4E85FBCA2E}.Release|Any CPU.Build.0 = Release|Any CPU
	EndGlobalSection
	GlobalSection(SolutionProperties) = preSolution
		HideSolutionNode = FALSE
	EndGlobalSection
	GlobalSection(ExtensibilityGlobals) = postSolution
		SolutionGuid = {5A7A2482-6D3F-4AAC-AA36-E3EE6E5CC7D7}
	EndGlobalSection
EndGlobal
